// !$*UTF8*$!
{
	archiveVersion = 1;
	classes = {
	};
	objectVersion = 46;
	objects = {

/* Begin PBXBuildFile section */
		BC66F6221CED3A04002B9807 /* AppDelegate.swift in Sources */ = {isa = PBXBuildFile; fileRef = BC66F6211CED3A04002B9807 /* AppDelegate.swift */; };
		BC66F6241CED3A04002B9807 /* ViewController.swift in Sources */ = {isa = PBXBuildFile; fileRef = BC66F6231CED3A04002B9807 /* ViewController.swift */; };
		BC66F6271CED3A04002B9807 /* Main.storyboard in Resources */ = {isa = PBXBuildFile; fileRef = BC66F6251CED3A04002B9807 /* Main.storyboard */; };
		BC66F62A1CED3A04002B9807 /* GOne.xcdatamodeld in Sources */ = {isa = PBXBuildFile; fileRef = BC66F6281CED3A04002B9807 /* GOne.xcdatamodeld */; };
		BC66F62C1CED3A04002B9807 /* Assets.xcassets in Resources */ = {isa = PBXBuildFile; fileRef = BC66F62B1CED3A04002B9807 /* Assets.xcassets */; };
		BC66F62F1CED3A04002B9807 /* LaunchScreen.storyboard in Resources */ = {isa = PBXBuildFile; fileRef = BC66F62D1CED3A04002B9807 /* LaunchScreen.storyboard */; };
		BC66F63A1CED3A04002B9807 /* GOneTests.swift in Sources */ = {isa = PBXBuildFile; fileRef = BC66F6391CED3A04002B9807 /* GOneTests.swift */; };
		BC66F6451CED3A04002B9807 /* GOneUITests.swift in Sources */ = {isa = PBXBuildFile; fileRef = BC66F6441CED3A04002B9807 /* GOneUITests.swift */; };
/* End PBXBuildFile section */

/* Begin PBXContainerItemProxy section */
		BC66F6361CED3A04002B9807 /* PBXContainerItemProxy */ = {
			isa = PBXContainerItemProxy;
			containerPortal = BC66F6161CED3A04002B9807 /* Project object */;
			proxyType = 1;
			remoteGlobalIDString = BC66F61D1CED3A04002B9807;
			remoteInfo = GOne;
		};
		BC66F6411CED3A04002B9807 /* PBXContainerItemProxy */ = {
			isa = PBXContainerItemProxy;
			containerPortal = BC66F6161CED3A04002B9807 /* Project object */;
			proxyType = 1;
			remoteGlobalIDString = BC66F61D1CED3A04002B9807;
			remoteInfo = GOne;
		};
/* End PBXContainerItemProxy section */

/* Begin PBXFileReference section */
		BC66F61E1CED3A04002B9807 /* GOne.app */ = {isa = PBXFileReference; explicitFileType = wrapper.application; includeInIndex = 0; path = GOne.app; sourceTree = BUILT_PRODUCTS_DIR; };
		BC66F6211CED3A04002B9807 /* AppDelegate.swift */ = {isa = PBXFileReference; lastKnownFileType = sourcecode.swift; path = AppDelegate.swift; sourceTree = "<group>"; };
		BC66F6231CED3A04002B9807 /* ViewController.swift */ = {isa = PBXFileReference; lastKnownFileType = sourcecode.swift; path = ViewController.swift; sourceTree = "<group>"; };
		BC66F6261CED3A04002B9807 /* Base */ = {isa = PBXFileReference; lastKnownFileType = file.storyboard; name = Base; path = Base.lproj/Main.storyboard; sourceTree = "<group>"; };
		BC66F6291CED3A04002B9807 /* GOne.xcdatamodel */ = {isa = PBXFileReference; lastKnownFileType = wrapper.xcdatamodel; path = GOne.xcdatamodel; sourceTree = "<group>"; };
		BC66F62B1CED3A04002B9807 /* Assets.xcassets */ = {isa = PBXFileReference; lastKnownFileType = folder.assetcatalog; path = Assets.xcassets; sourceTree = "<group>"; };
		BC66F62E1CED3A04002B9807 /* Base */ = {isa = PBXFileReference; lastKnownFileType = file.storyboard; name = Base; path = Base.lproj/LaunchScreen.storyboard; sourceTree = "<group>"; };
		BC66F6301CED3A04002B9807 /* Info.plist */ = {isa = PBXFileReference; lastKnownFileType = text.plist.xml; path = Info.plist; sourceTree = "<group>"; };
		BC66F6351CED3A04002B9807 /* GOneTests.xctest */ = {isa = PBXFileReference; explicitFileType = wrapper.cfbundle; includeInIndex = 0; path = GOneTests.xctest; sourceTree = BUILT_PRODUCTS_DIR; };
		BC66F6391CED3A04002B9807 /* GOneTests.swift */ = {isa = PBXFileReference; lastKnownFileType = sourcecode.swift; path = GOneTests.swift; sourceTree = "<group>"; };
		BC66F63B1CED3A04002B9807 /* Info.plist */ = {isa = PBXFileReference; lastKnownFileType = text.plist.xml; path = Info.plist; sourceTree = "<group>"; };
		BC66F6401CED3A04002B9807 /* GOneUITests.xctest */ = {isa = PBXFileReference; explicitFileType = wrapper.cfbundle; includeInIndex = 0; path = GOneUITests.xctest; sourceTree = BUILT_PRODUCTS_DIR; };
		BC66F6441CED3A04002B9807 /* GOneUITests.swift */ = {isa = PBXFileReference; lastKnownFileType = sourcecode.swift; path = GOneUITests.swift; sourceTree = "<group>"; };
		BC66F6461CED3A04002B9807 /* Info.plist */ = {isa = PBXFileReference; lastKnownFileType = text.plist.xml; path = Info.plist; sourceTree = "<group>"; };
/* End PBXFileReference section */

/* Begin PBXFrameworksBuildPhase section */
		BC66F61B1CED3A04002B9807 /* Frameworks */ = {
			isa = PBXFrameworksBuildPhase;
			buildActionMask = 2147483647;
			files = (
			);
			runOnlyForDeploymentPostprocessing = 0;
		};
		BC66F6321CED3A04002B9807 /* Frameworks */ = {
			isa = PBXFrameworksBuildPhase;
			buildActionMask = 2147483647;
			files = (
			);
			runOnlyForDeploymentPostprocessing = 0;
		};
		BC66F63D1CED3A04002B9807 /* Frameworks */ = {
			isa = PBXFrameworksBuildPhase;
			buildActionMask = 2147483647;
			files = (
			);
			runOnlyForDeploymentPostprocessing = 0;
		};
/* End PBXFrameworksBuildPhase section */

/* Begin PBXGroup section */
		BC66F6151CED3A04002B9807 = {
			isa = PBXGroup;
			children = (
				BC66F6201CED3A04002B9807 /* GOne */,
				BC66F6381CED3A04002B9807 /* GOneTests */,
				BC66F6431CED3A04002B9807 /* GOneUITests */,
				BC66F61F1CED3A04002B9807 /* Products */,
			);
			sourceTree = "<group>";
		};
		BC66F61F1CED3A04002B9807 /* Products */ = {
			isa = PBXGroup;
			children = (
				BC66F61E1CED3A04002B9807 /* GOne.app */,
				BC66F6351CED3A04002B9807 /* GOneTests.xctest */,
				BC66F6401CED3A04002B9807 /* GOneUITests.xctest */,
			);
			name = Products;
			sourceTree = "<group>";
		};
		BC66F6201CED3A04002B9807 /* GOne */ = {
			isa = PBXGroup;
			children = (
				BC66F6211CED3A04002B9807 /* AppDelegate.swift */,
				BC66F6231CED3A04002B9807 /* ViewController.swift */,
				BC66F6251CED3A04002B9807 /* Main.storyboard */,
				BC66F62B1CED3A04002B9807 /* Assets.xcassets */,
				BC66F62D1CED3A04002B9807 /* LaunchScreen.storyboard */,
				BC66F6301CED3A04002B9807 /* Info.plist */,
				BC66F6281CED3A04002B9807 /* GOne.xcdatamodeld */,
			);
			path = GOne;
			sourceTree = "<group>";
		};
		BC66F6381CED3A04002B9807 /* GOneTests */ = {
			isa = PBXGroup;
			children = (
				BC66F6391CED3A04002B9807 /* GOneTests.swift */,
				BC66F63B1CED3A04002B9807 /* Info.plist */,
			);
			path = GOneTests;
			sourceTree = "<group>";
		};
		BC66F6431CED3A04002B9807 /* GOneUITests */ = {
			isa = PBXGroup;
			children = (
				BC66F6441CED3A04002B9807 /* GOneUITests.swift */,
				BC66F6461CED3A04002B9807 /* Info.plist */,
			);
			path = GOneUITests;
			sourceTree = "<group>";
		};
/* End PBXGroup section */

/* Begin PBXNativeTarget section */
		BC66F61D1CED3A04002B9807 /* GOne */ = {
			isa = PBXNativeTarget;
			buildConfigurationList = BC66F6491CED3A04002B9807 /* Build configuration list for PBXNativeTarget "GOne" */;
			buildPhases = (
				BC66F61A1CED3A04002B9807 /* Sources */,
				BC66F61B1CED3A04002B9807 /* Frameworks */,
				BC66F61C1CED3A04002B9807 /* Resources */,
			);
			buildRules = (
			);
			dependencies = (
			);
			name = GOne;
			productName = GOne;
			productReference = BC66F61E1CED3A04002B9807 /* GOne.app */;
			productType = "com.apple.product-type.application";
		};
		BC66F6341CED3A04002B9807 /* GOneTests */ = {
			isa = PBXNativeTarget;
			buildConfigurationList = BC66F64C1CED3A04002B9807 /* Build configuration list for PBXNativeTarget "GOneTests" */;
			buildPhases = (
				BC66F6311CED3A04002B9807 /* Sources */,
				BC66F6321CED3A04002B9807 /* Frameworks */,
				BC66F6331CED3A04002B9807 /* Resources */,
			);
			buildRules = (
			);
			dependencies = (
				BC66F6371CED3A04002B9807 /* PBXTargetDependency */,
			);
			name = GOneTests;
			productName = GOneTests;
			productReference = BC66F6351CED3A04002B9807 /* GOneTests.xctest */;
			productType = "com.apple.product-type.bundle.unit-test";
		};
		BC66F63F1CED3A04002B9807 /* GOneUITests */ = {
			isa = PBXNativeTarget;
			buildConfigurationList = BC66F64F1CED3A04002B9807 /* Build configuration list for PBXNativeTarget "GOneUITests" */;
			buildPhases = (
				BC66F63C1CED3A04002B9807 /* Sources */,
				BC66F63D1CED3A04002B9807 /* Frameworks */,
				BC66F63E1CED3A04002B9807 /* Resources */,
			);
			buildRules = (
			);
			dependencies = (
				BC66F6421CED3A04002B9807 /* PBXTargetDependency */,
			);
			name = GOneUITests;
			productName = GOneUITests;
			productReference = BC66F6401CED3A04002B9807 /* GOneUITests.xctest */;
			productType = "com.apple.product-type.bundle.ui-testing";
		};
/* End PBXNativeTarget section */

/* Begin PBXProject section */
		BC66F6161CED3A04002B9807 /* Project object */ = {
			isa = PBXProject;
			attributes = {
				LastSwiftUpdateCheck = 0730;
				LastUpgradeCheck = 0730;
				ORGANIZATIONNAME = ganjp;
				TargetAttributes = {
					BC66F61D1CED3A04002B9807 = {
						CreatedOnToolsVersion = 7.3.1;
					};
					BC66F6341CED3A04002B9807 = {
						CreatedOnToolsVersion = 7.3.1;
						TestTargetID = BC66F61D1CED3A04002B9807;
					};
					BC66F63F1CED3A04002B9807 = {
						CreatedOnToolsVersion = 7.3.1;
						TestTargetID = BC66F61D1CED3A04002B9807;
					};
				};
			};
			buildConfigurationList = BC66F6191CED3A04002B9807 /* Build configuration list for PBXProject "GOne" */;
			compatibilityVersion = "Xcode 3.2";
			developmentRegion = English;
			hasScannedForEncodings = 0;
			knownRegions = (
				en,
				Base,
			);
			mainGroup = BC66F6151CED3A04002B9807;
			productRefGroup = BC66F61F1CED3A04002B9807 /* Products */;
			projectDirPath = "";
			projectRoot = "";
			targets = (
				BC66F61D1CED3A04002B9807 /* GOne */,
				BC66F6341CED3A04002B9807 /* GOneTests */,
				BC66F63F1CED3A04002B9807 /* GOneUITests */,
			);
		};
/* End PBXProject section */

/* Begin PBXResourcesBuildPhase section */
		BC66F61C1CED3A04002B9807 /* Resources */ = {
			isa = PBXResourcesBuildPhase;
			buildActionMask = 2147483647;
			files = (
				BC66F62F1CED3A04002B9807 /* LaunchScreen.storyboard in Resources */,
				BC66F62C1CED3A04002B9807 /* Assets.xcassets in Resources */,
				BC66F6271CED3A04002B9807 /* Main.storyboard in Resources */,
			);
			runOnlyForDeploymentPostprocessing = 0;
		};
		BC66F6331CED3A04002B9807 /* Resources */ = {
			isa = PBXResourcesBuildPhase;
			buildActionMask = 2147483647;
			files = (
			);
			runOnlyForDeploymentPostprocessing = 0;
		};
		BC66F63E1CED3A04002B9807 /* Resources */ = {
			isa = PBXResourcesBuildPhase;
			buildActionMask = 2147483647;
			files = (
			);
			runOnlyForDeploymentPostprocessing = 0;
		};
/* End PBXResourcesBuildPhase section */

/* Begin PBXSourcesBuildPhase section */
		BC66F61A1CED3A04002B9807 /* Sources */ = {
			isa = PBXSourcesBuildPhase;
			buildActionMask = 2147483647;
			files = (
				BC66F6241CED3A04002B9807 /* ViewController.swift in Sources */,
				BC66F62A1CED3A04002B9807 /* GOne.xcdatamodeld in Sources */,
				BC66F6221CED3A04002B9807 /* AppDelegate.swift in Sources */,
			);
			runOnlyForDeploymentPostprocessing = 0;
		};
		BC66F6311CED3A04002B9807 /* Sources */ = {
			isa = PBXSourcesBuildPhase;
			buildActionMask = 2147483647;
			files = (
				BC66F63A1CED3A04002B9807 /* GOneTests.swift in Sources */,
			);
			runOnlyForDeploymentPostprocessing = 0;
		};
		BC66F63C1CED3A04002B9807 /* Sources */ = {
			isa = PBXSourcesBuildPhase;
			buildActionMask = 2147483647;
			files = (
				BC66F6451CED3A04002B9807 /* GOneUITests.swift in Sources */,
			);
			runOnlyForDeploymentPostprocessing = 0;
		};
/* End PBXSourcesBuildPhase section */

/* Begin PBXTargetDependency section */
		BC66F6371CED3A04002B9807 /* PBXTargetDependency */ = {
			isa = PBXTargetDependency;
			target = BC66F61D1CED3A04002B9807 /* GOne */;
			targetProxy = BC66F6361CED3A04002B9807 /* PBXContainerItemProxy */;
		};
		BC66F6421CED3A04002B9807 /* PBXTargetDependency */ = {
			isa = PBXTargetDependency;
			target = BC66F61D1CED3A04002B9807 /* GOne */;
			targetProxy = BC66F6411CED3A04002B9807 /* PBXContainerItemProxy */;
		};
/* End PBXTargetDependency section */

/* Begin PBXVariantGroup section */
		BC66F6251CED3A04002B9807 /* Main.storyboard */ = {
			isa = PBXVariantGroup;
			children = (
				BC66F6261CED3A04002B9807 /* Base */,
			);
			name = Main.storyboard;
			sourceTree = "<group>";
		};
		BC66F62D1CED3A04002B9807 /* LaunchScreen.storyboard */ = {
			isa = PBXVariantGroup;
			children = (
				BC66F62E1CED3A04002B9807 /* Base */,
			);
			name = LaunchScreen.storyboard;
			sourceTree = "<group>";
		};
/* End PBXVariantGroup section */

/* Begin XCBuildConfiguration section */
		BC66F6471CED3A04002B9807 /* Debug */ = {
			isa = XCBuildConfiguration;
			buildSettings = {
				ALWAYS_SEARCH_USER_PATHS = NO;
				CLANG_ANALYZER_NONNULL = YES;
				CLANG_CXX_LANGUAGE_STANDARD = "gnu++0x";
				CLANG_CXX_LIBRARY = "libc++";
				CLANG_ENABLE_MODULES = YES;
				CLANG_ENABLE_OBJC_ARC = YES;
				CLANG_WARN_BOOL_CONVERSION = YES;
				CLANG_WARN_CONSTANT_CONVERSION = YES;
				CLANG_WARN_DIRECT_OBJC_ISA_USAGE = YES_ERROR;
				CLANG_WARN_EMPTY_BODY = YES;
				CLANG_WARN_ENUM_CONVERSION = YES;
				CLANG_WARN_INT_CONVERSION = YES;
				CLANG_WARN_OBJC_ROOT_CLASS = YES_ERROR;
				CLANG_WARN_UNREACHABLE_CODE = YES;
				CLANG_WARN__DUPLICATE_METHOD_MATCH = YES;
				"CODE_SIGN_IDENTITY[sdk=iphoneos*]" = "iPhone Developer";
				COPY_PHASE_STRIP = NO;
				DEBUG_INFORMATION_FORMAT = dwarf;
				ENABLE_STRICT_OBJC_MSGSEND = YES;
				ENABLE_TESTABILITY = YES;
				GCC_C_LANGUAGE_STANDARD = gnu99;
				GCC_DYNAMIC_NO_PIC = NO;
				GCC_NO_COMMON_BLOCKS = YES;
				GCC_OPTIMIZATION_LEVEL = 0;
				GCC_PREPROCESSOR_DEFINITIONS = (
					"DEBUG=1",
					"$(inherited)",
				);
				GCC_WARN_64_TO_32_BIT_CONVERSION = YES;
				GCC_WARN_ABOUT_RETURN_TYPE = YES_ERROR;
				GCC_WARN_UNDECLARED_SELECTOR = YES;
				GCC_WARN_UNINITIALIZED_AUTOS = YES_AGGRESSIVE;
				GCC_WARN_UNUSED_FUNCTION = YES;
				GCC_WARN_UNUSED_VARIABLE = YES;
				IPHONEOS_DEPLOYMENT_TARGET = 9.3;
				MTL_ENABLE_DEBUG_INFO = YES;
				ONLY_ACTIVE_ARCH = YES;
				SDKROOT = iphoneos;
				SWIFT_OPTIMIZATION_LEVEL = "-Onone";
				TARGETED_DEVICE_FAMILY = "1,2";
			};
			name = Debug;
		};
		BC66F6481CED3A04002B9807 /* Release */ = {
			isa = XCBuildConfiguration;
			buildSettings = {
				ALWAYS_SEARCH_USER_PATHS = NO;
				CLANG_ANALYZER_NONNULL = YES;
				CLANG_CXX_LANGUAGE_STANDARD = "gnu++0x";
				CLANG_CXX_LIBRARY = "libc++";
				CLANG_ENABLE_MODULES = YES;
				CLANG_ENABLE_OBJC_ARC = YES;
				CLANG_WARN_BOOL_CONVERSION = YES;
				CLANG_WARN_CONSTANT_CONVERSION = YES;
				CLANG_WARN_DIRECT_OBJC_ISA_USAGE = YES_ERROR;
				CLANG_WARN_EMPTY_BODY = YES;
				CLANG_WARN_ENUM_CONVERSION = YES;
				CLANG_WARN_INT_CONVERSION = YES;
				CLANG_WARN_OBJC_ROOT_CLASS = YES_ERROR;
				CLANG_WARN_UNREACHABLE_CODE = YES;
				CLANG_WARN__DUPLICATE_METHOD_MATCH = YES;
				"CODE_SIGN_IDENTITY[sdk=iphoneos*]" = "iPhone Developer";
				COPY_PHASE_STRIP = NO;
				DEBUG_INFORMATION_FORMAT = "dwarf-with-dsym";
				ENABLE_NS_ASSERTIONS = NO;
				ENABLE_STRICT_OBJC_MSGSEND = YES;
				GCC_C_LANGUAGE_STANDARD = gnu99;
				GCC_NO_COMMON_BLOCKS = YES;
				GCC_WARN_64_TO_32_BIT_CONVERSION = YES;
				GCC_WARN_ABOUT_RETURN_TYPE = YES_ERROR;
				GCC_WARN_UNDECLARED_SELECTOR = YES;
				GCC_WARN_UNINITIALIZED_AUTOS = YES_AGGRESSIVE;
				GCC_WARN_UNUSED_FUNCTION = YES;
				GCC_WARN_UNUSED_VARIABLE = YES;
				IPHONEOS_DEPLOYMENT_TARGET = 9.3;
				MTL_ENABLE_DEBUG_INFO = NO;
				SDKROOT = iphoneos;
				TARGETED_DEVICE_FAMILY = "1,2";
				VALIDATE_PRODUCT = YES;
			};
			name = Release;
		};
		BC66F64A1CED3A04002B9807 /* Debug */ = {
			isa = XCBuildConfiguration;
			buildSettings = {
				ASSETCATALOG_COMPILER_APPICON_NAME = AppIcon;
				INFOPLIST_FILE = GOne/Info.plist;
				LD_RUNPATH_SEARCH_PATHS = "$(inherited) @executable_path/Frameworks";
				PRODUCT_BUNDLE_IDENTIFIER = org.ganjp.GOne;
				PRODUCT_NAME = "$(TARGET_NAME)";
			};
			name = Debug;
		};
		BC66F64B1CED3A04002B9807 /* Release */ = {
			isa = XCBuildConfiguration;
			buildSettings = {
				ASSETCATALOG_COMPILER_APPICON_NAME = AppIcon;
				INFOPLIST_FILE = GOne/Info.plist;
				LD_RUNPATH_SEARCH_PATHS = "$(inherited) @executable_path/Frameworks";
				PRODUCT_BUNDLE_IDENTIFIER = org.ganjp.GOne;
				PRODUCT_NAME = "$(TARGET_NAME)";
			};
			name = Release;
		};
		BC66F64D1CED3A04002B9807 /* Debug */ = {
			isa = XCBuildConfiguration;
			buildSettings = {
				BUNDLE_LOADER = "$(TEST_HOST)";
				INFOPLIST_FILE = GOneTests/Info.plist;
				LD_RUNPATH_SEARCH_PATHS = "$(inherited) @executable_path/Frameworks @loader_path/Frameworks";
				PRODUCT_BUNDLE_IDENTIFIER = org.ganjp.GOneTests;
				PRODUCT_NAME = "$(TARGET_NAME)";
				TEST_HOST = "$(BUILT_PRODUCTS_DIR)/GOne.app/GOne";
			};
			name = Debug;
		};
		BC66F64E1CED3A04002B9807 /* Release */ = {
			isa = XCBuildConfiguration;
			buildSettings = {
				BUNDLE_LOADER = "$(TEST_HOST)";
				INFOPLIST_FILE = GOneTests/Info.plist;
				LD_RUNPATH_SEARCH_PATHS = "$(inherited) @executable_path/Frameworks @loader_path/Frameworks";
				PRODUCT_BUNDLE_IDENTIFIER = org.ganjp.GOneTests;
				PRODUCT_NAME = "$(TARGET_NAME)";
				TEST_HOST = "$(BUILT_PRODUCTS_DIR)/GOne.app/GOne";
			};
			name = Release;
		};
		BC66F6501CED3A04002B9807 /* Debug */ = {
			isa = XCBuildConfiguration;
			buildSettings = {
				INFOPLIST_FILE = GOneUITests/Info.plist;
				LD_RUNPATH_SEARCH_PATHS = "$(inherited) @executable_path/Frameworks @loader_path/Frameworks";
				PRODUCT_BUNDLE_IDENTIFIER = org.ganjp.GOneUITests;
				PRODUCT_NAME = "$(TARGET_NAME)";
				TEST_TARGET_NAME = GOne;
			};
			name = Debug;
		};
		BC66F6511CED3A04002B9807 /* Release */ = {
			isa = XCBuildConfiguration;
			buildSettings = {
				INFOPLIST_FILE = GOneUITests/Info.plist;
				LD_RUNPATH_SEARCH_PATHS = "$(inherited) @executable_path/Frameworks @loader_path/Frameworks";
				PRODUCT_BUNDLE_IDENTIFIER = org.ganjp.GOneUITests;
				PRODUCT_NAME = "$(TARGET_NAME)";
				TEST_TARGET_NAME = GOne;
			};
			name = Release;
		};
/* End XCBuildConfiguration section */

/* Begin XCConfigurationList section */
		BC66F6191CED3A04002B9807 /* Build configuration list for PBXProject "GOne" */ = {
			isa = XCConfigurationList;
			buildConfigurations = (
				BC66F6471CED3A04002B9807 /* Debug */,
				BC66F6481CED3A04002B9807 /* Release */,
			);
			defaultConfigurationIsVisible = 0;
			defaultConfigurationName = Release;
		};
		BC66F6491CED3A04002B9807 /* Build configuration list for PBXNativeTarget "GOne" */ = {
			isa = XCConfigurationList;
			buildConfigurations = (
				BC66F64A1CED3A04002B9807 /* Debug */,
				BC66F64B1CED3A04002B9807 /* Release */,
			);
			defaultConfigurationIsVisible = 0;
		};
		BC66F64C1CED3A04002B9807 /* Build configuration list for PBXNativeTarget "GOneTests" */ = {
			isa = XCConfigurationList;
			buildConfigurations = (
				BC66F64D1CED3A04002B9807 /* Debug */,
				BC66F64E1CED3A04002B9807 /* Release */,
			);
			defaultConfigurationIsVisible = 0;
		};
		BC66F64F1CED3A04002B9807 /* Build configuration list for PBXNativeTarget "GOneUITests" */ = {
			isa = XCConfigurationList;
			buildConfigurations = (
				BC66F6501CED3A04002B9807 /* Debug */,
				BC66F6511CED3A04002B9807 /* Release */,
			);
			defaultConfigurationIsVisible = 0;
		};
/* End XCConfigurationList section */

/* Begin XCVersionGroup section */
		BC66F6281CED3A04002B9807 /* GOne.xcdatamodeld */ = {
			isa = XCVersionGroup;
			children = (
				BC66F6291CED3A04002B9807 /* GOne.xcdatamodel */,
			);
			currentVersion = BC66F6291CED3A04002B9807 /* GOne.xcdatamodel */;
			path = GOne.xcdatamodeld;
			sourceTree = "<group>";
			versionGroupType = wrapper.xcdatamodel;
		};
/* End XCVersionGroup section */
	};
	rootObject = BC66F6161CED3A04002B9807 /* Project object */;
}
